
Microsoft Visual Studio Solution File, Format Version 12.00
# Visual Studio 15
Project("{FAE04EC0-301F-11D3-BF4B-00C04F79EFBC}") = "c-sharp-console-app", "c-sharp-console-app\c-sharp-console-app.csproj", "{230AC267-429C-49B0-B709-8987A59B6081}"
EndProject
Global
	GlobalSection(SolutionConfigurationPlatforms) = preSolution
		Debug|Any CPU = Debug|Any CPU
		Release|Any CPU = Release|Any CPU
	EndGlobalSection
	GlobalSection(ProjectConfigurationPlatforms) = postSolution
		{230AC267-429C-49B0-B709-8987A59B6081}.Debug|Any CPU.ActiveCfg = Debug|Any CPU
		{230AC267-429C-49B0-B709-8987A59B6081}.Debug|Any CPU.Build.0 = Debug|Any CPU
		{230AC267-429C-49B0-B709-8987A59B6081}.Release|Any CPU.ActiveCfg = Release|Any CPU
		{230AC267-429C-49B0-B709-8987A59B6081}.Release|Any CPU.Build.0 = Release|Any CPU
	EndGlobalSection
EndGlobal
